# THIS IS AN AUTOGENERATED FILE. DO NOT EDIT THIS FILE DIRECTLY.
# yarn lockfile v1


"@types/circular-json@^0.4.0":
  version "0.4.0"
  resolved "https://registry.yarnpkg.com/@types/circular-json/-/circular-json-0.4.0.tgz#7401f7e218cfe87ad4c43690da5658b9acaf51be"
  integrity sha512-7+kYB7x5a7nFWW1YPBh3KxhwKfiaI4PbZ1RvzBU91LZy7lWJO822CI+pqzSre/DZ7KsCuMKdHnLHHFu8AyXbQg==

"@types/stacktrace-js@^0.0.32":
  version "0.0.32"
  resolved "https://registry.yarnpkg.com/@types/stacktrace-js/-/stacktrace-js-0.0.32.tgz#d23e4a36a5073d39487fbea8234cc6186862d389"
  integrity sha512-SdxmlrHfO0BxgbBP9HZWMUo2rima8lwMjPiWm6S0dyKkDa5CseamktFhXg8umu3TPVBkSlX6ZoB5uUDJK89yvg==

circular-json@^0.5.0:
  version "0.5.9"
  resolved "https://registry.yarnpkg.com/circular-json/-/circular-json-0.5.9.tgz#932763ae88f4f7dead7a0d09c8a51a4743a53b1d"
  integrity sha512-4ivwqHpIFJZBuhN3g/pEcdbnGUywkBblloGbkglyloVjjR3uT6tieI89MVOfbP2tHX5sgb01FuLgAOzebNlJNQ==

error-stack-parser@^2.0.1:
  version "2.0.2"
  resolved "https://registry.yarnpkg.com/error-stack-parser/-/error-stack-parser-2.0.2.tgz#4ae8dbaa2bf90a8b450707b9149dcabca135520d"
  integrity sha512-E1fPutRDdIj/hohG0UpT5mayXNCxXP9d+snxFsPU9X0XgccOumKraa3juDMwTUyi7+Bu5+mCGagjg4IYeNbOdw==
  dependencies:
    stackframe "^1.0.4"

rxjs-spy@^7.5.0:
  version "7.5.0"
  resolved "https://registry.yarnpkg.com/rxjs-spy/-/rxjs-spy-7.5.0.tgz#cd327a75dd168f3eda26bbb5b0378f33013314f6"
  integrity sha512-2HJuvK8VxjXi1SxNgx6IeexKyg6901e+FbMlzFKh1GQZNdTTCJSGj4RwOi9FIBHeNeUkO0BYR9WtIarYtI18bg==
  dependencies:
    "@types/circular-json" "^0.4.0"
    "@types/stacktrace-js" "^0.0.32"
    circular-json "^0.5.0"
    error-stack-parser "^2.0.1"
    stacktrace-gps "^3.0.2"

source-map@0.5.6:
  version "0.5.6"
  resolved "https://registry.yarnpkg.com/source-map/-/source-map-0.5.6.tgz#75ce38f52bf0733c5a7f0c118d81334a2bb5f412"
  integrity sha1-dc449SvwczxafwwRjYEzSiu19BI=

stackframe@^1.0.4:
  version "1.0.4"
  resolved "https://registry.yarnpkg.com/stackframe/-/stackframe-1.0.4.tgz#357b24a992f9427cba6b545d96a14ed2cbca187b"
  integrity sha512-to7oADIniaYwS3MhtCa/sQhrxidCCQiF/qp4/m5iN3ipf0Y7Xlri0f6eG29r08aL7JYl8n32AF3Q5GYBZ7K8vw==

stacktrace-gps@^3.0.2:
  version "3.0.2"
  resolved "https://registry.yarnpkg.com/stacktrace-gps/-/stacktrace-gps-3.0.2.tgz#33f8baa4467323ab2bd1816efa279942ba431ccc"
  integrity sha512-9o+nWhiz5wFnrB3hBHs2PTyYrS60M1vvpSzHxwxnIbtY2q9Nt51hZvhrG1+2AxD374ecwyS+IUwfkHRE/2zuGg==
  dependencies:
    source-map "0.5.6"
    stackframe "^1.0.4"
